
Microsoft Visual Studio Solution File, Format Version 12.00
# Visual Studio Version 16
VisualStudioVersion = 16.0.29806.167
MinimumVisualStudioVersion = 10.0.40219.1
Project("{FAE04EC0-301F-11D3-BF4B-00C04F79EFBC}") = "DependencyWorkshop", "DependencyWorkshop.csproj", "{56831518-D530-48AF-9146-DC4E98E3E368}"
EndProject
Project("{9A19103F-16F7-4668-BE54-9A1E7A4F7556}") = "DataAccess", "..\DataAccess\DataAccess.csproj", "{0F58E4FC-2518-42E4-B0FC-A18B8678E2F5}"
EndProject
Project("{9A19103F-16F7-4668-BE54-9A1E7A4F7556}") = "BusinessLogic", "..\BusinessLogic\BusinessLogic.csproj", "{B2AD2C0C-6480-4B5E-897A-BCD031DAB201}"
EndProject
Project("{FAE04EC0-301F-11D3-BF4B-00C04F79EFBC}") = "DataAccessUnitTests", "..\DataAccessUnitTests\DataAccessUnitTests.csproj", "{A2D0DF42-E6C0-42E7-BF23-9495FB41240D}"
EndProject
Project("{FAE04EC0-301F-11D3-BF4B-00C04F79EFBC}") = "BusinessLogicUnitTests", "..\BusinessLogicUnitTests\BusinessLogicUnitTests.csproj", "{F474C692-ACAF-4867-BFAF-AB3144E2FB65}"
EndProject
Global
	GlobalSection(SolutionConfigurationPlatforms) = preSolution
		Debug|Any CPU = Debug|Any CPU
		Release|Any CPU = Release|Any CPU
	EndGlobalSection
	GlobalSection(ProjectConfigurationPlatforms) = postSolution
		{56831518-D530-48AF-9146-DC4E98E3E368}.Debug|Any CPU.ActiveCfg = Debug|Any CPU
		{56831518-D530-48AF-9146-DC4E98E3E368}.Debug|Any CPU.Build.0 = Debug|Any CPU
		{56831518-D530-48AF-9146-DC4E98E3E368}.Release|Any CPU.ActiveCfg = Release|Any CPU
		{56831518-D530-48AF-9146-DC4E98E3E368}.Release|Any CPU.Build.0 = Release|Any CPU
		{0F58E4FC-2518-42E4-B0FC-A18B8678E2F5}.Debug|Any CPU.ActiveCfg = Debug|Any CPU
		{0F58E4FC-2518-42E4-B0FC-A18B8678E2F5}.Debug|Any CPU.Build.0 = Debug|Any CPU
		{0F58E4FC-2518-42E4-B0FC-A18B8678E2F5}.Release|Any CPU.ActiveCfg = Release|Any CPU
		{0F58E4FC-2518-42E4-B0FC-A18B8678E2F5}.Release|Any CPU.Build.0 = Release|Any CPU
		{B2AD2C0C-6480-4B5E-897A-BCD031DAB201}.Debug|Any CPU.ActiveCfg = Debug|Any CPU
		{B2AD2C0C-6480-4B5E-897A-BCD031DAB201}.Debug|Any CPU.Build.0 = Debug|Any CPU
		{B2AD2C0C-6480-4B5E-897A-BCD031DAB201}.Release|Any CPU.ActiveCfg = Release|Any CPU
		{B2AD2C0C-6480-4B5E-897A-BCD031DAB201}.Release|Any CPU.Build.0 = Release|Any CPU
		{A2D0DF42-E6C0-42E7-BF23-9495FB41240D}.Debug|Any CPU.ActiveCfg = Debug|Any CPU
		{A2D0DF42-E6C0-42E7-BF23-9495FB41240D}.Debug|Any CPU.Build.0 = Debug|Any CPU
		{A2D0DF42-E6C0-42E7-BF23-9495FB41240D}.Release|Any CPU.ActiveCfg = Release|Any CPU
		{A2D0DF42-E6C0-42E7-BF23-9495FB41240D}.Release|Any CPU.Build.0 = Release|Any CPU
		{F474C692-ACAF-4867-BFAF-AB3144E2FB65}.Debug|Any CPU.ActiveCfg = Debug|Any CPU
		{F474C692-ACAF-4867-BFAF-AB3144E2FB65}.Debug|Any CPU.Build.0 = Debug|Any CPU
		{F474C692-ACAF-4867-BFAF-AB3144E2FB65}.Release|Any CPU.ActiveCfg = Release|Any CPU
		{F474C692-ACAF-4867-BFAF-AB3144E2FB65}.Release|Any CPU.Build.0 = Release|Any CPU
	EndGlobalSection
	GlobalSection(SolutionProperties) = preSolution
		HideSolutionNode = FALSE
	EndGlobalSection
	GlobalSection(ExtensibilityGlobals) = postSolution
		SolutionGuid = {251FB831-D7CB-4F9B-80B2-A47B25AD6B6E}
	EndGlobalSection
EndGlobal
